{
  "requires": true,
  "lockfileVersion": 1,
  "dependencies": {
    "typeface-roboto-mono": {
      "version": "0.0.75",
      "resolved": "https://registry.npmjs.org/typeface-roboto-mono/-/typeface-roboto-mono-0.0.75.tgz",
      "integrity": "sha512-dYfyXd6HrKyMC/PuBAAtay0tZKsBrzxIW/fBY325vLxFfi/IDKSuyTkWxkU4lyZV6KPHetFnJ661PNXzz2FS/w=="
    }
  }
}
